<?xml version="1.0" encoding="utf-8"?>
<Project ToolsVersion="4.0" xmlns="http://schemas.microsoft.com/developer/msbuild/2003">
  <ItemGroup>
    <Filter Include="Source Files">
      <UniqueIdentifier>{4FC737F1-C7A5-4376-A066-2A32D752A2FF}</UniqueIdentifier>
      <Extensions>cpp;c;cc;cxx;c++;cppm;ixx;def;odl;idl;hpj;bat;asm;asmx</Extensions>
    </Filter>
    <Filter Include="Header Files">
      <UniqueIdentifier>{93995380-89BD-4b04-88EB-625FBE52EBFB}</UniqueIdentifier>
      <Extensions>h;hh;hpp;hxx;h++;hm;inl;inc;ipp;xsd</Extensions>
    </Filter>
    <Filter Include="Resource Files">
      <UniqueIdentifier>{67DA6AB6-F800-4c08-8B7A-83BB121AAD01}</UniqueIdentifier>
      <Extensions>rc;ico;cur;bmp;dlg;rc2;rct;bin;rgs;gif;jpg;jpeg;jpe;resx;tiff;tif;png;wav;mfcribbon-ms</Extensions>
    </Filter>
    <Filter Include="Source Files\GarrysMod">
      <UniqueIdentifier>{a9720559-683c-4264-aba3-22b6cd55915a}</UniqueIdentifier>
    </Filter>
    <Filter Include="Source Files\GarrysMod\Lua">
      <UniqueIdentifier>{6a72ed41-be72-4afa-b59c-c5fed17076cd}</UniqueIdentifier>
    </Filter>
  </ItemGroup>
  <ItemGroup>
    <ClCompile Include="main.cpp">
      <Filter>Source Files</Filter>
    </ClCompile>
  </ItemGroup>
  <ItemGroup>
    <ClInclude Include="includes\GarrysMod\Lua\Interface.h">
      <Filter>Source Files\GarrysMod\Lua</Filter>
    </ClInclude>
    <ClInclude Include="includes\GarrysMod\Lua\LuaBase.h">
      <Filter>Source Files\GarrysMod\Lua</Filter>
    </ClInclude>
    <ClInclude Include="includes\GarrysMod\Lua\SourceCompat.h">
      <Filter>Source Files\GarrysMod\Lua</Filter>
    </ClInclude>
    <ClInclude Include="includes\GarrysMod\Lua\Types.h">
      <Filter>Source Files\GarrysMod\Lua</Filter>
    </ClInclude>
    <ClInclude Include="includes\GarrysMod\Lua\UserData.h">
      <Filter>Source Files\GarrysMod\Lua</Filter>
    </ClInclude>
  </ItemGroup>
</Project>